
Microsoft Visual Studio Solution File, Format Version 12.00
# Visual Studio Version 16
VisualStudioVersion = 16.0.31729.503
MinimumVisualStudioVersion = 10.0.40219.1
Project("{FAE04EC0-301F-11D3-BF4B-00C04F79EFBC}") = "FeaneFastFood", "FeaneFastFood\FeaneFastFood.csproj", "{3B7CA52C-8C7D-4747-AD73-B868E63405CA}"
EndProject
Project("{FAE04EC0-301F-11D3-BF4B-00C04F79EFBC}") = "EntityLayer", "EntityLayer\EntityLayer.csproj", "{3530B3B4-3209-4FF6-866F-8F71B7FAC799}"
EndProject
Project("{FAE04EC0-301F-11D3-BF4B-00C04F79EFBC}") = "CoreLayer", "CoreLayer\CoreLayer.csproj", "{4D730050-47BA-454B-AB8B-749FA7F50D57}"
EndProject
Project("{FAE04EC0-301F-11D3-BF4B-00C04F79EFBC}") = "DataAccessLayer", "DataAccessLayer\DataAccessLayer.csproj", "{FDEA49A2-C53D-4D17-8AEC-73FAF8C4F408}"
EndProject
Project("{FAE04EC0-301F-11D3-BF4B-00C04F79EFBC}") = "BusinessLayer", "BusinessLayer\BusinessLayer.csproj", "{62D68F04-63DC-4CAF-9870-05B0C46B104A}"
EndProject
Global
	GlobalSection(SolutionConfigurationPlatforms) = preSolution
		Debug|Any CPU = Debug|Any CPU
		Release|Any CPU = Release|Any CPU
	EndGlobalSection
	GlobalSection(ProjectConfigurationPlatforms) = postSolution
		{3B7CA52C-8C7D-4747-AD73-B868E63405CA}.Debug|Any CPU.ActiveCfg = Debug|Any CPU
		{3B7CA52C-8C7D-4747-AD73-B868E63405CA}.Debug|Any CPU.Build.0 = Debug|Any CPU
		{3B7CA52C-8C7D-4747-AD73-B868E63405CA}.Release|Any CPU.ActiveCfg = Release|Any CPU
		{3B7CA52C-8C7D-4747-AD73-B868E63405CA}.Release|Any CPU.Build.0 = Release|Any CPU
		{3530B3B4-3209-4FF6-866F-8F71B7FAC799}.Debug|Any CPU.ActiveCfg = Debug|Any CPU
		{3530B3B4-3209-4FF6-866F-8F71B7FAC799}.Debug|Any CPU.Build.0 = Debug|Any CPU
		{3530B3B4-3209-4FF6-866F-8F71B7FAC799}.Release|Any CPU.ActiveCfg = Release|Any CPU
		{3530B3B4-3209-4FF6-866F-8F71B7FAC799}.Release|Any CPU.Build.0 = Release|Any CPU
		{4D730050-47BA-454B-AB8B-749FA7F50D57}.Debug|Any CPU.ActiveCfg = Debug|Any CPU
		{4D730050-47BA-454B-AB8B-749FA7F50D57}.Debug|Any CPU.Build.0 = Debug|Any CPU
		{4D730050-47BA-454B-AB8B-749FA7F50D57}.Release|Any CPU.ActiveCfg = Release|Any CPU
		{4D730050-47BA-454B-AB8B-749FA7F50D57}.Release|Any CPU.Build.0 = Release|Any CPU
		{FDEA49A2-C53D-4D17-8AEC-73FAF8C4F408}.Debug|Any CPU.ActiveCfg = Debug|Any CPU
		{FDEA49A2-C53D-4D17-8AEC-73FAF8C4F408}.Debug|Any CPU.Build.0 = Debug|Any CPU
		{FDEA49A2-C53D-4D17-8AEC-73FAF8C4F408}.Release|Any CPU.ActiveCfg = Release|Any CPU
		{FDEA49A2-C53D-4D17-8AEC-73FAF8C4F408}.Release|Any CPU.Build.0 = Release|Any CPU
		{62D68F04-63DC-4CAF-9870-05B0C46B104A}.Debug|Any CPU.ActiveCfg = Debug|Any CPU
		{62D68F04-63DC-4CAF-9870-05B0C46B104A}.Debug|Any CPU.Build.0 = Debug|Any CPU
		{62D68F04-63DC-4CAF-9870-05B0C46B104A}.Release|Any CPU.ActiveCfg = Release|Any CPU
		{62D68F04-63DC-4CAF-9870-05B0C46B104A}.Release|Any CPU.Build.0 = Release|Any CPU
	EndGlobalSection
	GlobalSection(SolutionProperties) = preSolution
		HideSolutionNode = FALSE
	EndGlobalSection
	GlobalSection(ExtensibilityGlobals) = postSolution
		SolutionGuid = {052ED969-BDB3-49C9-9205-3FC047A2BF4D}
	EndGlobalSection
EndGlobal
